
Microsoft Visual Studio Solution File, Format Version 12.00
# Visual Studio Version 17
VisualStudioVersion = 17.11.35327.3
MinimumVisualStudioVersion = 10.0.40219.1
Project("{888888A0-9F3D-457C-B088-3A5042F75D52}") = "ImageClassifierTraining", "ImageClassifierTraining.pyproj", "{1F176145-1D03-40A2-A1CD-7B3FF48022F1}"
EndProject
Global
	GlobalSection(SolutionConfigurationPlatforms) = preSolution
		Debug|Any CPU = Debug|Any CPU
		Release|Any CPU = Release|Any CPU
	EndGlobalSection
	GlobalSection(ProjectConfigurationPlatforms) = postSolution
		{1F176145-1D03-40A2-A1CD-7B3FF48022F1}.Debug|Any CPU.ActiveCfg = Debug|Any CPU
		{1F176145-1D03-40A2-A1CD-7B3FF48022F1}.Release|Any CPU.ActiveCfg = Release|Any CPU
	EndGlobalSection
	GlobalSection(SolutionProperties) = preSolution
		HideSolutionNode = FALSE
	EndGlobalSection
	GlobalSection(ExtensibilityGlobals) = postSolution
		SolutionGuid = {48C5A143-06C6-485B-B741-EB9F5F0043A1}
	EndGlobalSection
EndGlobal
